
Microsoft Visual Studio Solution File, Format Version 12.00
# Visual Studio 15
VisualStudioVersion = 15.0.28010.2016
MinimumVisualStudioVersion = 10.0.40219.1
Project("{FAE04EC0-301F-11D3-BF4B-00C04F79EFBC}") = "homework1", "homework1\homework1.csproj", "{83520F3D-2F13-49B5-843F-E73B120D3B60}"
EndProject
Project("{9A19103F-16F7-4668-BE54-9A1E7A4F7556}") = "homework1_1", "homework1_2\homework1_1.csproj", "{60ACE5EA-A23E-4489-A588-FFAB1F7BC7D1}"
EndProject
Global
	GlobalSection(SolutionConfigurationPlatforms) = preSolution
		Debug|Any CPU = Debug|Any CPU
		Release|Any CPU = Release|Any CPU
	EndGlobalSection
	GlobalSection(ProjectConfigurationPlatforms) = postSolution
		{83520F3D-2F13-49B5-843F-E73B120D3B60}.Debug|Any CPU.ActiveCfg = Debug|Any CPU
		{83520F3D-2F13-49B5-843F-E73B120D3B60}.Debug|Any CPU.Build.0 = Debug|Any CPU
		{83520F3D-2F13-49B5-843F-E73B120D3B60}.Release|Any CPU.ActiveCfg = Release|Any CPU
		{83520F3D-2F13-49B5-843F-E73B120D3B60}.Release|Any CPU.Build.0 = Release|Any CPU
		{60ACE5EA-A23E-4489-A588-FFAB1F7BC7D1}.Debug|Any CPU.ActiveCfg = Debug|Any CPU
		{60ACE5EA-A23E-4489-A588-FFAB1F7BC7D1}.Debug|Any CPU.Build.0 = Debug|Any CPU
		{60ACE5EA-A23E-4489-A588-FFAB1F7BC7D1}.Release|Any CPU.ActiveCfg = Release|Any CPU
		{60ACE5EA-A23E-4489-A588-FFAB1F7BC7D1}.Release|Any CPU.Build.0 = Release|Any CPU
	EndGlobalSection
	GlobalSection(SolutionProperties) = preSolution
		HideSolutionNode = FALSE
	EndGlobalSection
	GlobalSection(ExtensibilityGlobals) = postSolution
		SolutionGuid = {45B6335E-D6AC-48A8-8AE3-5FC1AFBD57CD}
	EndGlobalSection
EndGlobal
