
Microsoft Visual Studio Solution File, Format Version 12.00
# Visual Studio 15
VisualStudioVersion = 15.0.28010.2016
MinimumVisualStudioVersion = 10.0.40219.1
Project("{9A19103F-16F7-4668-BE54-9A1E7A4F7556}") = "homework4", "homework4\homework4.csproj", "{780E1CA6-29D7-4725-A41B-1AE848E26CA5}"
EndProject
Project("{FAE04EC0-301F-11D3-BF4B-00C04F79EFBC}") = "homework4_2", "homework4_2\homework4_2.csproj", "{22DA559C-265F-4493-BC0A-0191CC500BE8}"
EndProject
Global
	GlobalSection(SolutionConfigurationPlatforms) = preSolution
		Debug|Any CPU = Debug|Any CPU
		Release|Any CPU = Release|Any CPU
	EndGlobalSection
	GlobalSection(ProjectConfigurationPlatforms) = postSolution
		{780E1CA6-29D7-4725-A41B-1AE848E26CA5}.Debug|Any CPU.ActiveCfg = Debug|Any CPU
		{780E1CA6-29D7-4725-A41B-1AE848E26CA5}.Debug|Any CPU.Build.0 = Debug|Any CPU
		{780E1CA6-29D7-4725-A41B-1AE848E26CA5}.Release|Any CPU.ActiveCfg = Release|Any CPU
		{780E1CA6-29D7-4725-A41B-1AE848E26CA5}.Release|Any CPU.Build.0 = Release|Any CPU
		{22DA559C-265F-4493-BC0A-0191CC500BE8}.Debug|Any CPU.ActiveCfg = Debug|Any CPU
		{22DA559C-265F-4493-BC0A-0191CC500BE8}.Debug|Any CPU.Build.0 = Debug|Any CPU
		{22DA559C-265F-4493-BC0A-0191CC500BE8}.Release|Any CPU.ActiveCfg = Release|Any CPU
		{22DA559C-265F-4493-BC0A-0191CC500BE8}.Release|Any CPU.Build.0 = Release|Any CPU
	EndGlobalSection
	GlobalSection(SolutionProperties) = preSolution
		HideSolutionNode = FALSE
	EndGlobalSection
	GlobalSection(ExtensibilityGlobals) = postSolution
		SolutionGuid = {5B9A120E-B59B-4A74-8F4D-19B7A6375FDF}
	EndGlobalSection
EndGlobal
